
Microsoft Visual Studio Solution File, Format Version 11.00
# Visual Studio 2010
Project("{FAE04EC0-301F-11D3-BF4B-00C04F79EFBC}") = "Assembly-CSharp", "Assembly-CSharp.csproj", "{E31A8EED-29D7-78A9-219F-785E58C044C2}"
EndProject
Project("{FAE04EC0-301F-11D3-BF4B-00C04F79EFBC}") = "NavMeshComponentsTestsPlaymode", "NavMeshComponentsTestsPlaymode.csproj", "{E5E4A59A-C6F4-AFE4-1162-B99E9F3D7C8C}"
EndProject
Project("{FAE04EC0-301F-11D3-BF4B-00C04F79EFBC}") = "NavMeshComponentsExamples", "NavMeshComponentsExamples.csproj", "{D42273AC-F64B-AF64-CC94-12E6D52FF53A}"
EndProject
Project("{FAE04EC0-301F-11D3-BF4B-00C04F79EFBC}") = "NavMeshComponents", "NavMeshComponents.csproj", "{D6306201-F5CE-4C9B-DA23-EED3B8273707}"
EndProject
Project("{FAE04EC0-301F-11D3-BF4B-00C04F79EFBC}") = "Assembly-CSharp-Editor", "Assembly-CSharp-Editor.csproj", "{36B5C767-6B8B-6AA9-AAB8-6A19500F74C0}"
EndProject
Project("{FAE04EC0-301F-11D3-BF4B-00C04F79EFBC}") = "NavMeshComponentsTestsEditmode", "NavMeshComponentsTestsEditmode.csproj", "{05D69967-34AF-A5C6-7808-054495841399}"
EndProject
Project("{FAE04EC0-301F-11D3-BF4B-00C04F79EFBC}") = "NavMeshComponentsEditor", "NavMeshComponentsEditor.csproj", "{267A5C94-69B5-099F-B878-3BE193D3F6AD}"
EndProject
Project("{FAE04EC0-301F-11D3-BF4B-00C04F79EFBC}") = "NavMeshComponentsExamplesEditor", "NavMeshComponentsExamplesEditor.csproj", "{72B01D3C-CFC2-C2FA-C205-4B75DE7B2EBF}"
EndProject
Global
	GlobalSection(SolutionConfigurationPlatforms) = preSolution
		Debug|Any CPU = Debug|Any CPU
		Release|Any CPU = Release|Any CPU
	EndGlobalSection
	GlobalSection(ProjectConfigurationPlatforms) = postSolution
		{E31A8EED-29D7-78A9-219F-785E58C044C2}.Debug|Any CPU.ActiveCfg = Debug|Any CPU
		{E31A8EED-29D7-78A9-219F-785E58C044C2}.Debug|Any CPU.Build.0 = Debug|Any CPU
		{E31A8EED-29D7-78A9-219F-785E58C044C2}.Release|Any CPU.ActiveCfg = Release|Any CPU
		{E31A8EED-29D7-78A9-219F-785E58C044C2}.Release|Any CPU.Build.0 = Release|Any CPU
		{E5E4A59A-C6F4-AFE4-1162-B99E9F3D7C8C}.Debug|Any CPU.ActiveCfg = Debug|Any CPU
		{E5E4A59A-C6F4-AFE4-1162-B99E9F3D7C8C}.Debug|Any CPU.Build.0 = Debug|Any CPU
		{E5E4A59A-C6F4-AFE4-1162-B99E9F3D7C8C}.Release|Any CPU.ActiveCfg = Release|Any CPU
		{E5E4A59A-C6F4-AFE4-1162-B99E9F3D7C8C}.Release|Any CPU.Build.0 = Release|Any CPU
		{D42273AC-F64B-AF64-CC94-12E6D52FF53A}.Debug|Any CPU.ActiveCfg = Debug|Any CPU
		{D42273AC-F64B-AF64-CC94-12E6D52FF53A}.Debug|Any CPU.Build.0 = Debug|Any CPU
		{D42273AC-F64B-AF64-CC94-12E6D52FF53A}.Release|Any CPU.ActiveCfg = Release|Any CPU
		{D42273AC-F64B-AF64-CC94-12E6D52FF53A}.Release|Any CPU.Build.0 = Release|Any CPU
		{D6306201-F5CE-4C9B-DA23-EED3B8273707}.Debug|Any CPU.ActiveCfg = Debug|Any CPU
		{D6306201-F5CE-4C9B-DA23-EED3B8273707}.Debug|Any CPU.Build.0 = Debug|Any CPU
		{D6306201-F5CE-4C9B-DA23-EED3B8273707}.Release|Any CPU.ActiveCfg = Release|Any CPU
		{D6306201-F5CE-4C9B-DA23-EED3B8273707}.Release|Any CPU.Build.0 = Release|Any CPU
		{36B5C767-6B8B-6AA9-AAB8-6A19500F74C0}.Debug|Any CPU.ActiveCfg = Debug|Any CPU
		{36B5C767-6B8B-6AA9-AAB8-6A19500F74C0}.Debug|Any CPU.Build.0 = Debug|Any CPU
		{36B5C767-6B8B-6AA9-AAB8-6A19500F74C0}.Release|Any CPU.ActiveCfg = Release|Any CPU
		{36B5C767-6B8B-6AA9-AAB8-6A19500F74C0}.Release|Any CPU.Build.0 = Release|Any CPU
		{05D69967-34AF-A5C6-7808-054495841399}.Debug|Any CPU.ActiveCfg = Debug|Any CPU
		{05D69967-34AF-A5C6-7808-054495841399}.Debug|Any CPU.Build.0 = Debug|Any CPU
		{05D69967-34AF-A5C6-7808-054495841399}.Release|Any CPU.ActiveCfg = Release|Any CPU
		{05D69967-34AF-A5C6-7808-054495841399}.Release|Any CPU.Build.0 = Release|Any CPU
		{267A5C94-69B5-099F-B878-3BE193D3F6AD}.Debug|Any CPU.ActiveCfg = Debug|Any CPU
		{267A5C94-69B5-099F-B878-3BE193D3F6AD}.Debug|Any CPU.Build.0 = Debug|Any CPU
		{267A5C94-69B5-099F-B878-3BE193D3F6AD}.Release|Any CPU.ActiveCfg = Release|Any CPU
		{267A5C94-69B5-099F-B878-3BE193D3F6AD}.Release|Any CPU.Build.0 = Release|Any CPU
		{72B01D3C-CFC2-C2FA-C205-4B75DE7B2EBF}.Debug|Any CPU.ActiveCfg = Debug|Any CPU
		{72B01D3C-CFC2-C2FA-C205-4B75DE7B2EBF}.Debug|Any CPU.Build.0 = Debug|Any CPU
		{72B01D3C-CFC2-C2FA-C205-4B75DE7B2EBF}.Release|Any CPU.ActiveCfg = Release|Any CPU
		{72B01D3C-CFC2-C2FA-C205-4B75DE7B2EBF}.Release|Any CPU.Build.0 = Release|Any CPU
	EndGlobalSection
	GlobalSection(SolutionProperties) = preSolution
		HideSolutionNode = FALSE
	EndGlobalSection
EndGlobal
